// !$*UTF8*$!
{
	archiveVersion = 1;
	classes = {
	};
	objectVersion = 56;
	objects = {

/* Begin PBXBuildFile section */
		D4B00D512B335BE2000BD937 /* AppDelegate.swift in Sources */ = {isa = PBXBuildFile; fileRef = D4B00D502B335BE2000BD937 /* AppDelegate.swift */; };
		D4B00D532B335BE2000BD937 /* SceneDelegate.swift in Sources */ = {isa = PBXBuildFile; fileRef = D4B00D522B335BE2000BD937 /* SceneDelegate.swift */; };
		D4B00D552B335BE2000BD937 /* ConversationsViewController.swift in Sources */ = {isa = PBXBuildFile; fileRef = D4B00D542B335BE2000BD937 /* ConversationsViewController.swift */; };
		D4B00D582B335BE2000BD937 /* Main.storyboard in Resources */ = {isa = PBXBuildFile; fileRef = D4B00D562B335BE2000BD937 /* Main.storyboard */; };
		D4B00D5A2B335BE3000BD937 /* Assets.xcassets in Resources */ = {isa = PBXBuildFile; fileRef = D4B00D592B335BE3000BD937 /* Assets.xcassets */; };
		D4B00D5D2B335BE3000BD937 /* LaunchScreen.storyboard in Resources */ = {isa = PBXBuildFile; fileRef = D4B00D5B2B335BE3000BD937 /* LaunchScreen.storyboard */; };
		D4B00D6B2B336040000BD937 /* LoginViewController.swift in Sources */ = {isa = PBXBuildFile; fileRef = D4B00D6A2B336040000BD937 /* LoginViewController.swift */; };
		D4B00D6D2B33607B000BD937 /* RegisterViewController.swift in Sources */ = {isa = PBXBuildFile; fileRef = D4B00D6C2B33607B000BD937 /* RegisterViewController.swift */; };
		D4B00D6F2B3360BE000BD937 /* PhotoViewerViewController.swift in Sources */ = {isa = PBXBuildFile; fileRef = D4B00D6E2B3360BE000BD937 /* PhotoViewerViewController.swift */; };
		D4B00D712B3360D7000BD937 /* VideoPlayerViewController.swift in Sources */ = {isa = PBXBuildFile; fileRef = D4B00D702B3360D7000BD937 /* VideoPlayerViewController.swift */; };
		D4B00D732B336120000BD937 /* NewConversationViewController.swift in Sources */ = {isa = PBXBuildFile; fileRef = D4B00D722B336120000BD937 /* NewConversationViewController.swift */; };
		D4B00D752B336158000BD937 /* ProfileViewController.swift in Sources */ = {isa = PBXBuildFile; fileRef = D4B00D742B336158000BD937 /* ProfileViewController.swift */; };
		D4B00D792B33E871000BD937 /* Extensions.swift in Sources */ = {isa = PBXBuildFile; fileRef = D4B00D782B33E871000BD937 /* Extensions.swift */; };
/* End PBXBuildFile section */

/* Begin PBXFileReference section */
		D4B00D4D2B335BE2000BD937 /* Messenger.app */ = {isa = PBXFileReference; explicitFileType = wrapper.application; includeInIndex = 0; path = Messenger.app; sourceTree = BUILT_PRODUCTS_DIR; };
		D4B00D502B335BE2000BD937 /* AppDelegate.swift */ = {isa = PBXFileReference; lastKnownFileType = sourcecode.swift; path = AppDelegate.swift; sourceTree = "<group>"; };
		D4B00D522B335BE2000BD937 /* SceneDelegate.swift */ = {isa = PBXFileReference; lastKnownFileType = sourcecode.swift; path = SceneDelegate.swift; sourceTree = "<group>"; };
		D4B00D542B335BE2000BD937 /* ConversationsViewController.swift */ = {isa = PBXFileReference; lastKnownFileType = sourcecode.swift; path = ConversationsViewController.swift; sourceTree = "<group>"; };
		D4B00D572B335BE2000BD937 /* Base */ = {isa = PBXFileReference; lastKnownFileType = file.storyboard; name = Base; path = Base.lproj/Main.storyboard; sourceTree = "<group>"; };
		D4B00D592B335BE3000BD937 /* Assets.xcassets */ = {isa = PBXFileReference; lastKnownFileType = folder.assetcatalog; path = Assets.xcassets; sourceTree = "<group>"; };
		D4B00D5C2B335BE3000BD937 /* Base */ = {isa = PBXFileReference; lastKnownFileType = file.storyboard; name = Base; path = Base.lproj/LaunchScreen.storyboard; sourceTree = "<group>"; };
		D4B00D5E2B335BE3000BD937 /* Info.plist */ = {isa = PBXFileReference; lastKnownFileType = text.plist.xml; path = Info.plist; sourceTree = "<group>"; };
		D4B00D6A2B336040000BD937 /* LoginViewController.swift */ = {isa = PBXFileReference; lastKnownFileType = sourcecode.swift; path = LoginViewController.swift; sourceTree = "<group>"; };
		D4B00D6C2B33607B000BD937 /* RegisterViewController.swift */ = {isa = PBXFileReference; lastKnownFileType = sourcecode.swift; path = RegisterViewController.swift; sourceTree = "<group>"; };
		D4B00D6E2B3360BE000BD937 /* PhotoViewerViewController.swift */ = {isa = PBXFileReference; lastKnownFileType = sourcecode.swift; path = PhotoViewerViewController.swift; sourceTree = "<group>"; };
		D4B00D702B3360D7000BD937 /* VideoPlayerViewController.swift */ = {isa = PBXFileReference; lastKnownFileType = sourcecode.swift; path = VideoPlayerViewController.swift; sourceTree = "<group>"; };
		D4B00D722B336120000BD937 /* NewConversationViewController.swift */ = {isa = PBXFileReference; lastKnownFileType = sourcecode.swift; path = NewConversationViewController.swift; sourceTree = "<group>"; };
		D4B00D742B336158000BD937 /* ProfileViewController.swift */ = {isa = PBXFileReference; lastKnownFileType = sourcecode.swift; path = ProfileViewController.swift; sourceTree = "<group>"; };
		D4B00D782B33E871000BD937 /* Extensions.swift */ = {isa = PBXFileReference; lastKnownFileType = sourcecode.swift; path = Extensions.swift; sourceTree = "<group>"; };
/* End PBXFileReference section */

/* Begin PBXFrameworksBuildPhase section */
		D4B00D4A2B335BE2000BD937 /* Frameworks */ = {
			isa = PBXFrameworksBuildPhase;
			buildActionMask = 2147483647;
			files = (
			);
			runOnlyForDeploymentPostprocessing = 0;
		};
/* End PBXFrameworksBuildPhase section */

/* Begin PBXGroup section */
		D4B00D442B335BE2000BD937 = {
			isa = PBXGroup;
			children = (
				D4B00D4F2B335BE2000BD937 /* Messenger */,
				D4B00D4E2B335BE2000BD937 /* Products */,
			);
			sourceTree = "<group>";
		};
		D4B00D4E2B335BE2000BD937 /* Products */ = {
			isa = PBXGroup;
			children = (
				D4B00D4D2B335BE2000BD937 /* Messenger.app */,
			);
			name = Products;
			sourceTree = "<group>";
		};
		D4B00D4F2B335BE2000BD937 /* Messenger */ = {
			isa = PBXGroup;
			children = (
				D4B00D682B335E71000BD937 /* Resources */,
				D4B00D672B335E4D000BD937 /* ViewModels */,
				D4B00D662B335E31000BD937 /* Models */,
				D4B00D652B335E26000BD937 /* Controllers */,
				D4B00D642B335E1B000BD937 /* Views */,
				D4B00D5E2B335BE3000BD937 /* Info.plist */,
			);
			path = Messenger;
			sourceTree = "<group>";
		};
		D4B00D642B335E1B000BD937 /* Views */ = {
			isa = PBXGroup;
			children = (
				D4B00D692B335ED6000BD937 /* Storyboards */,
				D4B00D592B335BE3000BD937 /* Assets.xcassets */,
			);
			path = Views;
			sourceTree = "<group>";
		};
		D4B00D652B335E26000BD937 /* Controllers */ = {
			isa = PBXGroup;
			children = (
				D4B00D772B33DFFD000BD937 /* Login */,
				D4B00D542B335BE2000BD937 /* ConversationsViewController.swift */,
				D4B00D6E2B3360BE000BD937 /* PhotoViewerViewController.swift */,
				D4B00D702B3360D7000BD937 /* VideoPlayerViewController.swift */,
				D4B00D722B336120000BD937 /* NewConversationViewController.swift */,
				D4B00D742B336158000BD937 /* ProfileViewController.swift */,
			);
			path = Controllers;
			sourceTree = "<group>";
		};
		D4B00D662B335E31000BD937 /* Models */ = {
			isa = PBXGroup;
			children = (
			);
			path = Models;
			sourceTree = "<group>";
		};
		D4B00D672B335E4D000BD937 /* ViewModels */ = {
			isa = PBXGroup;
			children = (
			);
			path = ViewModels;
			sourceTree = "<group>";
		};
		D4B00D682B335E71000BD937 /* Resources */ = {
			isa = PBXGroup;
			children = (
				D4B00D502B335BE2000BD937 /* AppDelegate.swift */,
				D4B00D522B335BE2000BD937 /* SceneDelegate.swift */,
				D4B00D782B33E871000BD937 /* Extensions.swift */,
			);
			path = Resources;
			sourceTree = "<group>";
		};
		D4B00D692B335ED6000BD937 /* Storyboards */ = {
			isa = PBXGroup;
			children = (
				D4B00D562B335BE2000BD937 /* Main.storyboard */,
				D4B00D5B2B335BE3000BD937 /* LaunchScreen.storyboard */,
			);
			path = Storyboards;
			sourceTree = "<group>";
		};
		D4B00D772B33DFFD000BD937 /* Login */ = {
			isa = PBXGroup;
			children = (
				D4B00D6A2B336040000BD937 /* LoginViewController.swift */,
				D4B00D6C2B33607B000BD937 /* RegisterViewController.swift */,
			);
			path = Login;
			sourceTree = "<group>";
		};
/* End PBXGroup section */

/* Begin PBXNativeTarget section */
		D4B00D4C2B335BE2000BD937 /* Messenger */ = {
			isa = PBXNativeTarget;
			buildConfigurationList = D4B00D612B335BE3000BD937 /* Build configuration list for PBXNativeTarget "Messenger" */;
			buildPhases = (
				D4B00D492B335BE2000BD937 /* Sources */,
				D4B00D4A2B335BE2000BD937 /* Frameworks */,
				D4B00D4B2B335BE2000BD937 /* Resources */,
			);
			buildRules = (
			);
			dependencies = (
			);
			name = Messenger;
			productName = Messenger;
			productReference = D4B00D4D2B335BE2000BD937 /* Messenger.app */;
			productType = "com.apple.product-type.application";
		};
/* End PBXNativeTarget section */

/* Begin PBXProject section */
		D4B00D452B335BE2000BD937 /* Project object */ = {
			isa = PBXProject;
			attributes = {
				BuildIndependentTargetsInParallel = 1;
				LastSwiftUpdateCheck = 1410;
				LastUpgradeCheck = 1410;
				TargetAttributes = {
					D4B00D4C2B335BE2000BD937 = {
						CreatedOnToolsVersion = 14.1;
					};
				};
			};
			buildConfigurationList = D4B00D482B335BE2000BD937 /* Build configuration list for PBXProject "Messenger" */;
			compatibilityVersion = "Xcode 14.0";
			developmentRegion = en;
			hasScannedForEncodings = 0;
			knownRegions = (
				en,
				Base,
			);
			mainGroup = D4B00D442B335BE2000BD937;
			productRefGroup = D4B00D4E2B335BE2000BD937 /* Products */;
			projectDirPath = "";
			projectRoot = "";
			targets = (
				D4B00D4C2B335BE2000BD937 /* Messenger */,
			);
		};
/* End PBXProject section */

/* Begin PBXResourcesBuildPhase section */
		D4B00D4B2B335BE2000BD937 /* Resources */ = {
			isa = PBXResourcesBuildPhase;
			buildActionMask = 2147483647;
			files = (
				D4B00D5D2B335BE3000BD937 /* LaunchScreen.storyboard in Resources */,
				D4B00D5A2B335BE3000BD937 /* Assets.xcassets in Resources */,
				D4B00D582B335BE2000BD937 /* Main.storyboard in Resources */,
			);
			runOnlyForDeploymentPostprocessing = 0;
		};
/* End PBXResourcesBuildPhase section */

/* Begin PBXSourcesBuildPhase section */
		D4B00D492B335BE2000BD937 /* Sources */ = {
			isa = PBXSourcesBuildPhase;
			buildActionMask = 2147483647;
			files = (
				D4B00D6B2B336040000BD937 /* LoginViewController.swift in Sources */,
				D4B00D6D2B33607B000BD937 /* RegisterViewController.swift in Sources */,
				D4B00D732B336120000BD937 /* NewConversationViewController.swift in Sources */,
				D4B00D552B335BE2000BD937 /* ConversationsViewController.swift in Sources */,
				D4B00D712B3360D7000BD937 /* VideoPlayerViewController.swift in Sources */,
				D4B00D792B33E871000BD937 /* Extensions.swift in Sources */,
				D4B00D512B335BE2000BD937 /* AppDelegate.swift in Sources */,
				D4B00D752B336158000BD937 /* ProfileViewController.swift in Sources */,
				D4B00D532B335BE2000BD937 /* SceneDelegate.swift in Sources */,
				D4B00D6F2B3360BE000BD937 /* PhotoViewerViewController.swift in Sources */,
			);
			runOnlyForDeploymentPostprocessing = 0;
		};
/* End PBXSourcesBuildPhase section */

/* Begin PBXVariantGroup section */
		D4B00D562B335BE2000BD937 /* Main.storyboard */ = {
			isa = PBXVariantGroup;
			children = (
				D4B00D572B335BE2000BD937 /* Base */,
			);
			name = Main.storyboard;
			sourceTree = "<group>";
		};
		D4B00D5B2B335BE3000BD937 /* LaunchScreen.storyboard */ = {
			isa = PBXVariantGroup;
			children = (
				D4B00D5C2B335BE3000BD937 /* Base */,
			);
			name = LaunchScreen.storyboard;
			sourceTree = "<group>";
		};
/* End PBXVariantGroup section */

/* Begin XCBuildConfiguration section */
		D4B00D5F2B335BE3000BD937 /* Debug */ = {
			isa = XCBuildConfiguration;
			buildSettings = {
				ALWAYS_SEARCH_USER_PATHS = NO;
				CLANG_ANALYZER_NONNULL = YES;
				CLANG_ANALYZER_NUMBER_OBJECT_CONVERSION = YES_AGGRESSIVE;
				CLANG_CXX_LANGUAGE_STANDARD = "gnu++20";
				CLANG_ENABLE_MODULES = YES;
				CLANG_ENABLE_OBJC_ARC = YES;
				CLANG_ENABLE_OBJC_WEAK = YES;
				CLANG_WARN_BLOCK_CAPTURE_AUTORELEASING = YES;
				CLANG_WARN_BOOL_CONVERSION = YES;
				CLANG_WARN_COMMA = YES;
				CLANG_WARN_CONSTANT_CONVERSION = YES;
				CLANG_WARN_DEPRECATED_OBJC_IMPLEMENTATIONS = YES;
				CLANG_WARN_DIRECT_OBJC_ISA_USAGE = YES_ERROR;
				CLANG_WARN_DOCUMENTATION_COMMENTS = YES;
				CLANG_WARN_EMPTY_BODY = YES;
				CLANG_WARN_ENUM_CONVERSION = YES;
				CLANG_WARN_INFINITE_RECURSION = YES;
				CLANG_WARN_INT_CONVERSION = YES;
				CLANG_WARN_NON_LITERAL_NULL_CONVERSION = YES;
				CLANG_WARN_OBJC_IMPLICIT_RETAIN_SELF = YES;
				CLANG_WARN_OBJC_LITERAL_CONVERSION = YES;
				CLANG_WARN_OBJC_ROOT_CLASS = YES_ERROR;
				CLANG_WARN_QUOTED_INCLUDE_IN_FRAMEWORK_HEADER = YES;
				CLANG_WARN_RANGE_LOOP_ANALYSIS = YES;
				CLANG_WARN_STRICT_PROTOTYPES = YES;
				CLANG_WARN_SUSPICIOUS_MOVE = YES;
				CLANG_WARN_UNGUARDED_AVAILABILITY = YES_AGGRESSIVE;
				CLANG_WARN_UNREACHABLE_CODE = YES;
				CLANG_WARN__DUPLICATE_METHOD_MATCH = YES;
				COPY_PHASE_STRIP = NO;
				DEBUG_INFORMATION_FORMAT = dwarf;
				ENABLE_STRICT_OBJC_MSGSEND = YES;
				ENABLE_TESTABILITY = YES;
				GCC_C_LANGUAGE_STANDARD = gnu11;
				GCC_DYNAMIC_NO_PIC = NO;
				GCC_NO_COMMON_BLOCKS = YES;
				GCC_OPTIMIZATION_LEVEL = 0;
				GCC_PREPROCESSOR_DEFINITIONS = (
					"DEBUG=1",
					"$(inherited)",
				);
				GCC_WARN_64_TO_32_BIT_CONVERSION = YES;
				GCC_WARN_ABOUT_RETURN_TYPE = YES_ERROR;
				GCC_WARN_UNDECLARED_SELECTOR = YES;
				GCC_WARN_UNINITIALIZED_AUTOS = YES_AGGRESSIVE;
				GCC_WARN_UNUSED_FUNCTION = YES;
				GCC_WARN_UNUSED_VARIABLE = YES;
				IPHONEOS_DEPLOYMENT_TARGET = 16.1;
				MTL_ENABLE_DEBUG_INFO = INCLUDE_SOURCE;
				MTL_FAST_MATH = YES;
				ONLY_ACTIVE_ARCH = YES;
				SDKROOT = iphoneos;
				SWIFT_ACTIVE_COMPILATION_CONDITIONS = DEBUG;
				SWIFT_OPTIMIZATION_LEVEL = "-Onone";
			};
			name = Debug;
		};
		D4B00D602B335BE3000BD937 /* Release */ = {
			isa = XCBuildConfiguration;
			buildSettings = {
				ALWAYS_SEARCH_USER_PATHS = NO;
				CLANG_ANALYZER_NONNULL = YES;
				CLANG_ANALYZER_NUMBER_OBJECT_CONVERSION = YES_AGGRESSIVE;
				CLANG_CXX_LANGUAGE_STANDARD = "gnu++20";
				CLANG_ENABLE_MODULES = YES;
				CLANG_ENABLE_OBJC_ARC = YES;
				CLANG_ENABLE_OBJC_WEAK = YES;
				CLANG_WARN_BLOCK_CAPTURE_AUTORELEASING = YES;
				CLANG_WARN_BOOL_CONVERSION = YES;
				CLANG_WARN_COMMA = YES;
				CLANG_WARN_CONSTANT_CONVERSION = YES;
				CLANG_WARN_DEPRECATED_OBJC_IMPLEMENTATIONS = YES;
				CLANG_WARN_DIRECT_OBJC_ISA_USAGE = YES_ERROR;
				CLANG_WARN_DOCUMENTATION_COMMENTS = YES;
				CLANG_WARN_EMPTY_BODY = YES;
				CLANG_WARN_ENUM_CONVERSION = YES;
				CLANG_WARN_INFINITE_RECURSION = YES;
				CLANG_WARN_INT_CONVERSION = YES;
				CLANG_WARN_NON_LITERAL_NULL_CONVERSION = YES;
				CLANG_WARN_OBJC_IMPLICIT_RETAIN_SELF = YES;
				CLANG_WARN_OBJC_LITERAL_CONVERSION = YES;
				CLANG_WARN_OBJC_ROOT_CLASS = YES_ERROR;
				CLANG_WARN_QUOTED_INCLUDE_IN_FRAMEWORK_HEADER = YES;
				CLANG_WARN_RANGE_LOOP_ANALYSIS = YES;
				CLANG_WARN_STRICT_PROTOTYPES = YES;
				CLANG_WARN_SUSPICIOUS_MOVE = YES;
				CLANG_WARN_UNGUARDED_AVAILABILITY = YES_AGGRESSIVE;
				CLANG_WARN_UNREACHABLE_CODE = YES;
				CLANG_WARN__DUPLICATE_METHOD_MATCH = YES;
				COPY_PHASE_STRIP = NO;
				DEBUG_INFORMATION_FORMAT = "dwarf-with-dsym";
				ENABLE_NS_ASSERTIONS = NO;
				ENABLE_STRICT_OBJC_MSGSEND = YES;
				GCC_C_LANGUAGE_STANDARD = gnu11;
				GCC_NO_COMMON_BLOCKS = YES;
				GCC_WARN_64_TO_32_BIT_CONVERSION = YES;
				GCC_WARN_ABOUT_RETURN_TYPE = YES_ERROR;
				GCC_WARN_UNDECLARED_SELECTOR = YES;
				GCC_WARN_UNINITIALIZED_AUTOS = YES_AGGRESSIVE;
				GCC_WARN_UNUSED_FUNCTION = YES;
				GCC_WARN_UNUSED_VARIABLE = YES;
				IPHONEOS_DEPLOYMENT_TARGET = 16.1;
				MTL_ENABLE_DEBUG_INFO = NO;
				MTL_FAST_MATH = YES;
				SDKROOT = iphoneos;
				SWIFT_COMPILATION_MODE = wholemodule;
				SWIFT_OPTIMIZATION_LEVEL = "-O";
				VALIDATE_PRODUCT = YES;
			};
			name = Release;
		};
		D4B00D622B335BE3000BD937 /* Debug */ = {
			isa = XCBuildConfiguration;
			buildSettings = {
				ASSETCATALOG_COMPILER_APPICON_NAME = AppIcon;
				ASSETCATALOG_COMPILER_GLOBAL_ACCENT_COLOR_NAME = AccentColor;
				CODE_SIGN_STYLE = Automatic;
				CURRENT_PROJECT_VERSION = 1;
				DEVELOPMENT_TEAM = 48T2248AE2;
				GENERATE_INFOPLIST_FILE = YES;
				INFOPLIST_FILE = Messenger/Info.plist;
				INFOPLIST_KEY_UIApplicationSupportsIndirectInputEvents = YES;
				INFOPLIST_KEY_UILaunchStoryboardName = LaunchScreen;
				INFOPLIST_KEY_UIMainStoryboardFile = Main;
				INFOPLIST_KEY_UIStatusBarStyle = UIStatusBarStyleLightContent;
				INFOPLIST_KEY_UISupportedInterfaceOrientations = UIInterfaceOrientationPortrait;
				INFOPLIST_KEY_UISupportedInterfaceOrientations_iPad = "UIInterfaceOrientationPortrait UIInterfaceOrientationPortraitUpsideDown";
				IPHONEOS_DEPLOYMENT_TARGET = 13.0;
				LD_RUNPATH_SEARCH_PATHS = (
					"$(inherited)",
					"@executable_path/Frameworks",
				);
				MARKETING_VERSION = 1.0;
				PRODUCT_BUNDLE_IDENTIFIER = com.iDoc.Messenger;
				PRODUCT_NAME = "$(TARGET_NAME)";
				SWIFT_EMIT_LOC_STRINGS = YES;
				SWIFT_VERSION = 5.0;
				TARGETED_DEVICE_FAMILY = "1,2";
			};
			name = Debug;
		};
		D4B00D632B335BE3000BD937 /* Release */ = {
			isa = XCBuildConfiguration;
			buildSettings = {
				ASSETCATALOG_COMPILER_APPICON_NAME = AppIcon;
				ASSETCATALOG_COMPILER_GLOBAL_ACCENT_COLOR_NAME = AccentColor;
				CODE_SIGN_STYLE = Automatic;
				CURRENT_PROJECT_VERSION = 1;
				DEVELOPMENT_TEAM = 48T2248AE2;
				GENERATE_INFOPLIST_FILE = YES;
				INFOPLIST_FILE = Messenger/Info.plist;
				INFOPLIST_KEY_UIApplicationSupportsIndirectInputEvents = YES;
				INFOPLIST_KEY_UILaunchStoryboardName = LaunchScreen;
				INFOPLIST_KEY_UIMainStoryboardFile = Main;
				INFOPLIST_KEY_UIStatusBarStyle = UIStatusBarStyleLightContent;
				INFOPLIST_KEY_UISupportedInterfaceOrientations = UIInterfaceOrientationPortrait;
				INFOPLIST_KEY_UISupportedInterfaceOrientations_iPad = "UIInterfaceOrientationPortrait UIInterfaceOrientationPortraitUpsideDown";
				IPHONEOS_DEPLOYMENT_TARGET = 13.0;
				LD_RUNPATH_SEARCH_PATHS = (
					"$(inherited)",
					"@executable_path/Frameworks",
				);
				MARKETING_VERSION = 1.0;
				PRODUCT_BUNDLE_IDENTIFIER = com.iDoc.Messenger;
				PRODUCT_NAME = "$(TARGET_NAME)";
				SWIFT_EMIT_LOC_STRINGS = YES;
				SWIFT_VERSION = 5.0;
				TARGETED_DEVICE_FAMILY = "1,2";
			};
			name = Release;
		};
/* End XCBuildConfiguration section */

/* Begin XCConfigurationList section */
		D4B00D482B335BE2000BD937 /* Build configuration list for PBXProject "Messenger" */ = {
			isa = XCConfigurationList;
			buildConfigurations = (
				D4B00D5F2B335BE3000BD937 /* Debug */,
				D4B00D602B335BE3000BD937 /* Release */,
			);
			defaultConfigurationIsVisible = 0;
			defaultConfigurationName = Release;
		};
		D4B00D612B335BE3000BD937 /* Build configuration list for PBXNativeTarget "Messenger" */ = {
			isa = XCConfigurationList;
			buildConfigurations = (
				D4B00D622B335BE3000BD937 /* Debug */,
				D4B00D632B335BE3000BD937 /* Release */,
			);
			defaultConfigurationIsVisible = 0;
			defaultConfigurationName = Release;
		};
/* End XCConfigurationList section */
	};
	rootObject = D4B00D452B335BE2000BD937 /* Project object */;
}
